// !$*UTF8*$!
{
	archiveVersion = 1;
	classes = {
	};
	objectVersion = 55;
	objects = {

/* Begin PBXBuildFile section */
		691625A62769CC0C00C736C7 /* AppDelegate.swift in Sources */ = {isa = PBXBuildFile; fileRef = 691625A52769CC0C00C736C7 /* AppDelegate.swift */; };
		691625A82769CC0C00C736C7 /* SceneDelegate.swift in Sources */ = {isa = PBXBuildFile; fileRef = 691625A72769CC0C00C736C7 /* SceneDelegate.swift */; };
		691625AA2769CC0C00C736C7 /* HeaderWeaherViewController.swift in Sources */ = {isa = PBXBuildFile; fileRef = 691625A92769CC0C00C736C7 /* HeaderWeaherViewController.swift */; };
		691625B02769CC0C00C736C7 /* MyApp.xcdatamodeld in Sources */ = {isa = PBXBuildFile; fileRef = 691625AE2769CC0C00C736C7 /* MyApp.xcdatamodeld */; };
		691625B22769CC0D00C736C7 /* Assets.xcassets in Resources */ = {isa = PBXBuildFile; fileRef = 691625B12769CC0D00C736C7 /* Assets.xcassets */; };
		691625B52769CC0D00C736C7 /* LaunchScreen.storyboard in Resources */ = {isa = PBXBuildFile; fileRef = 691625B32769CC0D00C736C7 /* LaunchScreen.storyboard */; };
		691625C02769CC0D00C736C7 /* MyAppTests.swift in Sources */ = {isa = PBXBuildFile; fileRef = 691625BF2769CC0D00C736C7 /* MyAppTests.swift */; };
		691625CA2769CC0D00C736C7 /* MyAppUITests.swift in Sources */ = {isa = PBXBuildFile; fileRef = 691625C92769CC0D00C736C7 /* MyAppUITests.swift */; };
		691625CC2769CC0D00C736C7 /* MyAppUITestsLaunchTests.swift in Sources */ = {isa = PBXBuildFile; fileRef = 691625CB2769CC0D00C736C7 /* MyAppUITestsLaunchTests.swift */; };
		691625DA2769D13E00C736C7 /* NetworkService.swift in Sources */ = {isa = PBXBuildFile; fileRef = 691625D92769D13E00C736C7 /* NetworkService.swift */; };
		691625DF2769D29D00C736C7 /* CityWeather.swift in Sources */ = {isa = PBXBuildFile; fileRef = 691625DE2769D29D00C736C7 /* CityWeather.swift */; };
		691625E22769D2DB00C736C7 /* Data+ SwittyJSON.swift in Sources */ = {isa = PBXBuildFile; fileRef = 691625E12769D2DB00C736C7 /* Data+ SwittyJSON.swift */; };
		69194DCF2769E14D00430597 /* HeaderWeatherView.swift in Sources */ = {isa = PBXBuildFile; fileRef = 69194DCE2769E14D00430597 /* HeaderWeatherView.swift */; };
		69194DD52769ECBD00430597 /* EndPointType.swift in Sources */ = {isa = PBXBuildFile; fileRef = 69194DD42769ECBD00430597 /* EndPointType.swift */; };
		69194DD82769EDD300430597 /* HTTPMethod.swift in Sources */ = {isa = PBXBuildFile; fileRef = 69194DD72769EDD300430597 /* HTTPMethod.swift */; };
		69194DDA2769EDF500430597 /* HTTPTask.swift in Sources */ = {isa = PBXBuildFile; fileRef = 69194DD92769EDF500430597 /* HTTPTask.swift */; };
		69194DDC2769EE1900430597 /* NetworkLogger.swift in Sources */ = {isa = PBXBuildFile; fileRef = 69194DDB2769EE1900430597 /* NetworkLogger.swift */; };
		69194DDE2769EE4700430597 /* NetworkRouter.swift in Sources */ = {isa = PBXBuildFile; fileRef = 69194DDD2769EE4700430597 /* NetworkRouter.swift */; };
		69194DE32769F06B00430597 /* ParameterEncoder.swift in Sources */ = {isa = PBXBuildFile; fileRef = 69194DE22769F06B00430597 /* ParameterEncoder.swift */; };
		69194DE52769F0A800430597 /* JSONParameterEncoder.swift in Sources */ = {isa = PBXBuildFile; fileRef = 69194DE42769F0A800430597 /* JSONParameterEncoder.swift */; };
		69194DE72769F0BE00430597 /* URLParameterEncoder.swift in Sources */ = {isa = PBXBuildFile; fileRef = 69194DE62769F0BE00430597 /* URLParameterEncoder.swift */; };
		69194DEA2769FF4C00430597 /* NetworkManager.swift in Sources */ = {isa = PBXBuildFile; fileRef = 69194DE92769FF4C00430597 /* NetworkManager.swift */; };
		69194DED276A014600430597 /* WeatherEndPoint.swift in Sources */ = {isa = PBXBuildFile; fileRef = 69194DEC276A014600430597 /* WeatherEndPoint.swift */; };
		69194DF0276A0CFB00430597 /* NetworkErrors.swift in Sources */ = {isa = PBXBuildFile; fileRef = 69194DEF276A0CFB00430597 /* NetworkErrors.swift */; };
		69194DF2276A715F00430597 /* LoadingViewController.swift in Sources */ = {isa = PBXBuildFile; fileRef = 69194DF1276A715F00430597 /* LoadingViewController.swift */; };
		69194DF6276A749900430597 /* UIViewController+ child.swift in Sources */ = {isa = PBXBuildFile; fileRef = 69194DF5276A749900430597 /* UIViewController+ child.swift */; };
		69194DF8276A775900430597 /* MainWeatherViewController.swift in Sources */ = {isa = PBXBuildFile; fileRef = 69194DF7276A775900430597 /* MainWeatherViewController.swift */; };
		69194DFB276B3E7900430597 /* MockData.swift in Sources */ = {isa = PBXBuildFile; fileRef = 69194DFA276B3E7900430597 /* MockData.swift */; };
		69194E01276B4A3300430597 /* WeatherCollectionViewCell.swift in Sources */ = {isa = PBXBuildFile; fileRef = 69194E00276B4A3300430597 /* WeatherCollectionViewCell.swift */; };
/* End PBXBuildFile section */

/* Begin PBXContainerItemProxy section */
		691625BC2769CC0D00C736C7 /* PBXContainerItemProxy */ = {
			isa = PBXContainerItemProxy;
			containerPortal = 6916259A2769CC0C00C736C7 /* Project object */;
			proxyType = 1;
			remoteGlobalIDString = 691625A12769CC0C00C736C7;
			remoteInfo = MyApp;
		};
		691625C62769CC0D00C736C7 /* PBXContainerItemProxy */ = {
			isa = PBXContainerItemProxy;
			containerPortal = 6916259A2769CC0C00C736C7 /* Project object */;
			proxyType = 1;
			remoteGlobalIDString = 691625A12769CC0C00C736C7;
			remoteInfo = MyApp;
		};
/* End PBXContainerItemProxy section */

/* Begin PBXFileReference section */
		691625A22769CC0C00C736C7 /* MyApp.app */ = {isa = PBXFileReference; explicitFileType = wrapper.application; includeInIndex = 0; path = MyApp.app; sourceTree = BUILT_PRODUCTS_DIR; };
		691625A52769CC0C00C736C7 /* AppDelegate.swift */ = {isa = PBXFileReference; lastKnownFileType = sourcecode.swift; path = AppDelegate.swift; sourceTree = "<group>"; };
		691625A72769CC0C00C736C7 /* SceneDelegate.swift */ = {isa = PBXFileReference; lastKnownFileType = sourcecode.swift; path = SceneDelegate.swift; sourceTree = "<group>"; };
		691625A92769CC0C00C736C7 /* HeaderWeaherViewController.swift */ = {isa = PBXFileReference; lastKnownFileType = sourcecode.swift; path = HeaderWeaherViewController.swift; sourceTree = "<group>"; };
		691625AF2769CC0C00C736C7 /* MyApp.xcdatamodel */ = {isa = PBXFileReference; lastKnownFileType = wrapper.xcdatamodel; path = MyApp.xcdatamodel; sourceTree = "<group>"; };
		691625B12769CC0D00C736C7 /* Assets.xcassets */ = {isa = PBXFileReference; lastKnownFileType = folder.assetcatalog; path = Assets.xcassets; sourceTree = "<group>"; };
		691625B42769CC0D00C736C7 /* Base */ = {isa = PBXFileReference; lastKnownFileType = file.storyboard; name = Base; path = Base.lproj/LaunchScreen.storyboard; sourceTree = "<group>"; };
		691625B62769CC0D00C736C7 /* Info.plist */ = {isa = PBXFileReference; lastKnownFileType = text.plist.xml; path = Info.plist; sourceTree = "<group>"; };
		691625BB2769CC0D00C736C7 /* MyAppTests.xctest */ = {isa = PBXFileReference; explicitFileType = wrapper.cfbundle; includeInIndex = 0; path = MyAppTests.xctest; sourceTree = BUILT_PRODUCTS_DIR; };
		691625BF2769CC0D00C736C7 /* MyAppTests.swift */ = {isa = PBXFileReference; lastKnownFileType = sourcecode.swift; path = MyAppTests.swift; sourceTree = "<group>"; };
		691625C52769CC0D00C736C7 /* MyAppUITests.xctest */ = {isa = PBXFileReference; explicitFileType = wrapper.cfbundle; includeInIndex = 0; path = MyAppUITests.xctest; sourceTree = BUILT_PRODUCTS_DIR; };
		691625C92769CC0D00C736C7 /* MyAppUITests.swift */ = {isa = PBXFileReference; lastKnownFileType = sourcecode.swift; path = MyAppUITests.swift; sourceTree = "<group>"; };
		691625CB2769CC0D00C736C7 /* MyAppUITestsLaunchTests.swift */ = {isa = PBXFileReference; lastKnownFileType = sourcecode.swift; path = MyAppUITestsLaunchTests.swift; sourceTree = "<group>"; };
		691625D92769D13E00C736C7 /* NetworkService.swift */ = {isa = PBXFileReference; lastKnownFileType = sourcecode.swift; path = NetworkService.swift; sourceTree = "<group>"; };
		691625DE2769D29D00C736C7 /* CityWeather.swift */ = {isa = PBXFileReference; lastKnownFileType = sourcecode.swift; path = CityWeather.swift; sourceTree = "<group>"; };
		691625E12769D2DB00C736C7 /* Data+ SwittyJSON.swift */ = {isa = PBXFileReference; lastKnownFileType = sourcecode.swift; path = "Data+ SwittyJSON.swift"; sourceTree = "<group>"; };
		69194DCE2769E14D00430597 /* HeaderWeatherView.swift */ = {isa = PBXFileReference; lastKnownFileType = sourcecode.swift; path = HeaderWeatherView.swift; sourceTree = "<group>"; };
		69194DD42769ECBD00430597 /* EndPointType.swift */ = {isa = PBXFileReference; lastKnownFileType = sourcecode.swift; path = EndPointType.swift; sourceTree = "<group>"; };
		69194DD72769EDD300430597 /* HTTPMethod.swift */ = {isa = PBXFileReference; lastKnownFileType = sourcecode.swift; path = HTTPMethod.swift; sourceTree = "<group>"; };
		69194DD92769EDF500430597 /* HTTPTask.swift */ = {isa = PBXFileReference; lastKnownFileType = sourcecode.swift; path = HTTPTask.swift; sourceTree = "<group>"; };
		69194DDB2769EE1900430597 /* NetworkLogger.swift */ = {isa = PBXFileReference; lastKnownFileType = sourcecode.swift; path = NetworkLogger.swift; sourceTree = "<group>"; };
		69194DDD2769EE4700430597 /* NetworkRouter.swift */ = {isa = PBXFileReference; lastKnownFileType = sourcecode.swift; path = NetworkRouter.swift; sourceTree = "<group>"; };
		69194DE22769F06B00430597 /* ParameterEncoder.swift */ = {isa = PBXFileReference; lastKnownFileType = sourcecode.swift; path = ParameterEncoder.swift; sourceTree = "<group>"; };
		69194DE42769F0A800430597 /* JSONParameterEncoder.swift */ = {isa = PBXFileReference; lastKnownFileType = sourcecode.swift; path = JSONParameterEncoder.swift; sourceTree = "<group>"; };
		69194DE62769F0BE00430597 /* URLParameterEncoder.swift */ = {isa = PBXFileReference; lastKnownFileType = sourcecode.swift; path = URLParameterEncoder.swift; sourceTree = "<group>"; };
		69194DE92769FF4C00430597 /* NetworkManager.swift */ = {isa = PBXFileReference; lastKnownFileType = sourcecode.swift; path = NetworkManager.swift; sourceTree = "<group>"; };
		69194DEC276A014600430597 /* WeatherEndPoint.swift */ = {isa = PBXFileReference; lastKnownFileType = sourcecode.swift; path = WeatherEndPoint.swift; sourceTree = "<group>"; };
		69194DEF276A0CFB00430597 /* NetworkErrors.swift */ = {isa = PBXFileReference; lastKnownFileType = sourcecode.swift; path = NetworkErrors.swift; sourceTree = "<group>"; };
		69194DF1276A715F00430597 /* LoadingViewController.swift */ = {isa = PBXFileReference; lastKnownFileType = sourcecode.swift; path = LoadingViewController.swift; sourceTree = "<group>"; };
		69194DF5276A749900430597 /* UIViewController+ child.swift */ = {isa = PBXFileReference; lastKnownFileType = sourcecode.swift; path = "UIViewController+ child.swift"; sourceTree = "<group>"; };
		69194DF7276A775900430597 /* MainWeatherViewController.swift */ = {isa = PBXFileReference; lastKnownFileType = sourcecode.swift; path = MainWeatherViewController.swift; sourceTree = "<group>"; };
		69194DFA276B3E7900430597 /* MockData.swift */ = {isa = PBXFileReference; lastKnownFileType = sourcecode.swift; path = MockData.swift; sourceTree = "<group>"; };
		69194E00276B4A3300430597 /* WeatherCollectionViewCell.swift */ = {isa = PBXFileReference; lastKnownFileType = sourcecode.swift; path = WeatherCollectionViewCell.swift; sourceTree = "<group>"; };
/* End PBXFileReference section */

/* Begin PBXFrameworksBuildPhase section */
		6916259F2769CC0C00C736C7 /* Frameworks */ = {
			isa = PBXFrameworksBuildPhase;
			buildActionMask = 2147483647;
			files = (
			);
			runOnlyForDeploymentPostprocessing = 0;
		};
		691625B82769CC0D00C736C7 /* Frameworks */ = {
			isa = PBXFrameworksBuildPhase;
			buildActionMask = 2147483647;
			files = (
			);
			runOnlyForDeploymentPostprocessing = 0;
		};
		691625C22769CC0D00C736C7 /* Frameworks */ = {
			isa = PBXFrameworksBuildPhase;
			buildActionMask = 2147483647;
			files = (
			);
			runOnlyForDeploymentPostprocessing = 0;
		};
/* End PBXFrameworksBuildPhase section */

/* Begin PBXGroup section */
		691625992769CC0C00C736C7 = {
			isa = PBXGroup;
			children = (
				691625A42769CC0C00C736C7 /* MyApp */,
				691625BE2769CC0D00C736C7 /* MyAppTests */,
				691625C82769CC0D00C736C7 /* MyAppUITests */,
				691625A32769CC0C00C736C7 /* Products */,
			);
			sourceTree = "<group>";
		};
		691625A32769CC0C00C736C7 /* Products */ = {
			isa = PBXGroup;
			children = (
				691625A22769CC0C00C736C7 /* MyApp.app */,
				691625BB2769CC0D00C736C7 /* MyAppTests.xctest */,
				691625C52769CC0D00C736C7 /* MyAppUITests.xctest */,
			);
			name = Products;
			sourceTree = "<group>";
		};
		691625A42769CC0C00C736C7 /* MyApp */ = {
			isa = PBXGroup;
			children = (
				69194DCA2769E0E200430597 /* UILayer */,
				69194DD12769EACD00430597 /* NetworkLayer */,
				69194DD02769EA3C00430597 /* Core */,
				691625E02769D2C400C736C7 /* Extensions */,
				691625DD2769D25600C736C7 /* Model */,
				691625D82769D12A00C736C7 /* Services */,
				691625B62769CC0D00C736C7 /* Info.plist */,
				691625AE2769CC0C00C736C7 /* MyApp.xcdatamodeld */,
			);
			path = MyApp;
			sourceTree = "<group>";
		};
		691625BE2769CC0D00C736C7 /* MyAppTests */ = {
			isa = PBXGroup;
			children = (
				691625BF2769CC0D00C736C7 /* MyAppTests.swift */,
			);
			path = MyAppTests;
			sourceTree = "<group>";
		};
		691625C82769CC0D00C736C7 /* MyAppUITests */ = {
			isa = PBXGroup;
			children = (
				691625C92769CC0D00C736C7 /* MyAppUITests.swift */,
				691625CB2769CC0D00C736C7 /* MyAppUITestsLaunchTests.swift */,
			);
			path = MyAppUITests;
			sourceTree = "<group>";
		};
		691625D82769D12A00C736C7 /* Services */ = {
			isa = PBXGroup;
			children = (
			);
			path = Services;
			sourceTree = "<group>";
		};
		691625DD2769D25600C736C7 /* Model */ = {
			isa = PBXGroup;
			children = (
				69194DFA276B3E7900430597 /* MockData.swift */,
				691625DE2769D29D00C736C7 /* CityWeather.swift */,
			);
			path = Model;
			sourceTree = "<group>";
		};
		691625E02769D2C400C736C7 /* Extensions */ = {
			isa = PBXGroup;
			children = (
				69194DF5276A749900430597 /* UIViewController+ child.swift */,
				691625E12769D2DB00C736C7 /* Data+ SwittyJSON.swift */,
			);
			path = Extensions;
			sourceTree = "<group>";
		};
		69194DCA2769E0E200430597 /* UILayer */ = {
			isa = PBXGroup;
			children = (
				69194DF9276B360000430597 /* CustomViews */,
				69194DCD2769E10000430597 /* MainWeather */,
				69194DF7276A775900430597 /* MainWeatherViewController.swift */,
			);
			path = UILayer;
			sourceTree = "<group>";
		};
		69194DCD2769E10000430597 /* MainWeather */ = {
			isa = PBXGroup;
			children = (
				691625A92769CC0C00C736C7 /* HeaderWeaherViewController.swift */,
				69194DCE2769E14D00430597 /* HeaderWeatherView.swift */,
			);
			path = MainWeather;
			sourceTree = "<group>";
		};
		69194DD02769EA3C00430597 /* Core */ = {
			isa = PBXGroup;
			children = (
				691625A52769CC0C00C736C7 /* AppDelegate.swift */,
				691625A72769CC0C00C736C7 /* SceneDelegate.swift */,
				691625B32769CC0D00C736C7 /* LaunchScreen.storyboard */,
				691625B12769CC0D00C736C7 /* Assets.xcassets */,
			);
			path = Core;
			sourceTree = "<group>";
		};
		69194DD12769EACD00430597 /* NetworkLayer */ = {
			isa = PBXGroup;
			children = (
				69194DEE276A0CEB00430597 /* Errors */,
				69194DEB276A013800430597 /* EndPoint */,
				69194DE82769FF3E00430597 /* Manager */,
				69194DE12769F06000430597 /* Encoding */,
				69194DD62769EDBD00430597 /* Service */,
				691625D92769D13E00C736C7 /* NetworkService.swift */,
			);
			path = NetworkLayer;
			sourceTree = "<group>";
		};
		69194DD62769EDBD00430597 /* Service */ = {
			isa = PBXGroup;
			children = (
				69194DD42769ECBD00430597 /* EndPointType.swift */,
				69194DD72769EDD300430597 /* HTTPMethod.swift */,
				69194DD92769EDF500430597 /* HTTPTask.swift */,
				69194DDB2769EE1900430597 /* NetworkLogger.swift */,
				69194DDD2769EE4700430597 /* NetworkRouter.swift */,
			);
			path = Service;
			sourceTree = "<group>";
		};
		69194DE12769F06000430597 /* Encoding */ = {
			isa = PBXGroup;
			children = (
				69194DE22769F06B00430597 /* ParameterEncoder.swift */,
				69194DE42769F0A800430597 /* JSONParameterEncoder.swift */,
				69194DE62769F0BE00430597 /* URLParameterEncoder.swift */,
			);
			path = Encoding;
			sourceTree = "<group>";
		};
		69194DE82769FF3E00430597 /* Manager */ = {
			isa = PBXGroup;
			children = (
				69194DE92769FF4C00430597 /* NetworkManager.swift */,
			);
			path = Manager;
			sourceTree = "<group>";
		};
		69194DEB276A013800430597 /* EndPoint */ = {
			isa = PBXGroup;
			children = (
				69194DEC276A014600430597 /* WeatherEndPoint.swift */,
			);
			path = EndPoint;
			sourceTree = "<group>";
		};
		69194DEE276A0CEB00430597 /* Errors */ = {
			isa = PBXGroup;
			children = (
				69194DEF276A0CFB00430597 /* NetworkErrors.swift */,
			);
			path = Errors;
			sourceTree = "<group>";
		};
		69194DF9276B360000430597 /* CustomViews */ = {
			isa = PBXGroup;
			children = (
				69194DF1276A715F00430597 /* LoadingViewController.swift */,
				69194E00276B4A3300430597 /* WeatherCollectionViewCell.swift */,
			);
			path = CustomViews;
			sourceTree = "<group>";
		};
/* End PBXGroup section */

/* Begin PBXNativeTarget section */
		691625A12769CC0C00C736C7 /* MyApp */ = {
			isa = PBXNativeTarget;
			buildConfigurationList = 691625CF2769CC0D00C736C7 /* Build configuration list for PBXNativeTarget "MyApp" */;
			buildPhases = (
				6916259E2769CC0C00C736C7 /* Sources */,
				6916259F2769CC0C00C736C7 /* Frameworks */,
				691625A02769CC0C00C736C7 /* Resources */,
			);
			buildRules = (
			);
			dependencies = (
			);
			name = MyApp;
			productName = MyApp;
			productReference = 691625A22769CC0C00C736C7 /* MyApp.app */;
			productType = "com.apple.product-type.application";
		};
		691625BA2769CC0D00C736C7 /* MyAppTests */ = {
			isa = PBXNativeTarget;
			buildConfigurationList = 691625D22769CC0D00C736C7 /* Build configuration list for PBXNativeTarget "MyAppTests" */;
			buildPhases = (
				691625B72769CC0D00C736C7 /* Sources */,
				691625B82769CC0D00C736C7 /* Frameworks */,
				691625B92769CC0D00C736C7 /* Resources */,
			);
			buildRules = (
			);
			dependencies = (
				691625BD2769CC0D00C736C7 /* PBXTargetDependency */,
			);
			name = MyAppTests;
			productName = MyAppTests;
			productReference = 691625BB2769CC0D00C736C7 /* MyAppTests.xctest */;
			productType = "com.apple.product-type.bundle.unit-test";
		};
		691625C42769CC0D00C736C7 /* MyAppUITests */ = {
			isa = PBXNativeTarget;
			buildConfigurationList = 691625D52769CC0D00C736C7 /* Build configuration list for PBXNativeTarget "MyAppUITests" */;
			buildPhases = (
				691625C12769CC0D00C736C7 /* Sources */,
				691625C22769CC0D00C736C7 /* Frameworks */,
				691625C32769CC0D00C736C7 /* Resources */,
			);
			buildRules = (
			);
			dependencies = (
				691625C72769CC0D00C736C7 /* PBXTargetDependency */,
			);
			name = MyAppUITests;
			productName = MyAppUITests;
			productReference = 691625C52769CC0D00C736C7 /* MyAppUITests.xctest */;
			productType = "com.apple.product-type.bundle.ui-testing";
		};
/* End PBXNativeTarget section */

/* Begin PBXProject section */
		6916259A2769CC0C00C736C7 /* Project object */ = {
			isa = PBXProject;
			attributes = {
				BuildIndependentTargetsInParallel = 1;
				LastSwiftUpdateCheck = 1320;
				LastUpgradeCheck = 1320;
				TargetAttributes = {
					691625A12769CC0C00C736C7 = {
						CreatedOnToolsVersion = 13.2;
					};
					691625BA2769CC0D00C736C7 = {
						CreatedOnToolsVersion = 13.2;
						TestTargetID = 691625A12769CC0C00C736C7;
					};
					691625C42769CC0D00C736C7 = {
						CreatedOnToolsVersion = 13.2;
						TestTargetID = 691625A12769CC0C00C736C7;
					};
				};
			};
			buildConfigurationList = 6916259D2769CC0C00C736C7 /* Build configuration list for PBXProject "MyApp" */;
			compatibilityVersion = "Xcode 13.0";
			developmentRegion = en;
			hasScannedForEncodings = 0;
			knownRegions = (
				en,
				Base,
			);
			mainGroup = 691625992769CC0C00C736C7;
			productRefGroup = 691625A32769CC0C00C736C7 /* Products */;
			projectDirPath = "";
			projectRoot = "";
			targets = (
				691625A12769CC0C00C736C7 /* MyApp */,
				691625BA2769CC0D00C736C7 /* MyAppTests */,
				691625C42769CC0D00C736C7 /* MyAppUITests */,
			);
		};
/* End PBXProject section */

/* Begin PBXResourcesBuildPhase section */
		691625A02769CC0C00C736C7 /* Resources */ = {
			isa = PBXResourcesBuildPhase;
			buildActionMask = 2147483647;
			files = (
				691625B52769CC0D00C736C7 /* LaunchScreen.storyboard in Resources */,
				691625B22769CC0D00C736C7 /* Assets.xcassets in Resources */,
			);
			runOnlyForDeploymentPostprocessing = 0;
		};
		691625B92769CC0D00C736C7 /* Resources */ = {
			isa = PBXResourcesBuildPhase;
			buildActionMask = 2147483647;
			files = (
			);
			runOnlyForDeploymentPostprocessing = 0;
		};
		691625C32769CC0D00C736C7 /* Resources */ = {
			isa = PBXResourcesBuildPhase;
			buildActionMask = 2147483647;
			files = (
			);
			runOnlyForDeploymentPostprocessing = 0;
		};
/* End PBXResourcesBuildPhase section */

/* Begin PBXSourcesBuildPhase section */
		6916259E2769CC0C00C736C7 /* Sources */ = {
			isa = PBXSourcesBuildPhase;
			buildActionMask = 2147483647;
			files = (
				69194E01276B4A3300430597 /* WeatherCollectionViewCell.swift in Sources */,
				69194DEA2769FF4C00430597 /* NetworkManager.swift in Sources */,
				69194DDA2769EDF500430597 /* HTTPTask.swift in Sources */,
				69194DFB276B3E7900430597 /* MockData.swift in Sources */,
				69194DF8276A775900430597 /* MainWeatherViewController.swift in Sources */,
				691625DA2769D13E00C736C7 /* NetworkService.swift in Sources */,
				69194DE32769F06B00430597 /* ParameterEncoder.swift in Sources */,
				691625AA2769CC0C00C736C7 /* HeaderWeaherViewController.swift in Sources */,
				691625DF2769D29D00C736C7 /* CityWeather.swift in Sources */,
				69194DD82769EDD300430597 /* HTTPMethod.swift in Sources */,
				69194DF2276A715F00430597 /* LoadingViewController.swift in Sources */,
				69194DDC2769EE1900430597 /* NetworkLogger.swift in Sources */,
				691625B02769CC0C00C736C7 /* MyApp.xcdatamodeld in Sources */,
				69194DE72769F0BE00430597 /* URLParameterEncoder.swift in Sources */,
				69194DF6276A749900430597 /* UIViewController+ child.swift in Sources */,
				69194DD52769ECBD00430597 /* EndPointType.swift in Sources */,
				69194DF0276A0CFB00430597 /* NetworkErrors.swift in Sources */,
				691625E22769D2DB00C736C7 /* Data+ SwittyJSON.swift in Sources */,
				691625A62769CC0C00C736C7 /* AppDelegate.swift in Sources */,
				69194DED276A014600430597 /* WeatherEndPoint.swift in Sources */,
				691625A82769CC0C00C736C7 /* SceneDelegate.swift in Sources */,
				69194DE52769F0A800430597 /* JSONParameterEncoder.swift in Sources */,
				69194DCF2769E14D00430597 /* HeaderWeatherView.swift in Sources */,
				69194DDE2769EE4700430597 /* NetworkRouter.swift in Sources */,
			);
			runOnlyForDeploymentPostprocessing = 0;
		};
		691625B72769CC0D00C736C7 /* Sources */ = {
			isa = PBXSourcesBuildPhase;
			buildActionMask = 2147483647;
			files = (
				691625C02769CC0D00C736C7 /* MyAppTests.swift in Sources */,
			);
			runOnlyForDeploymentPostprocessing = 0;
		};
		691625C12769CC0D00C736C7 /* Sources */ = {
			isa = PBXSourcesBuildPhase;
			buildActionMask = 2147483647;
			files = (
				691625CC2769CC0D00C736C7 /* MyAppUITestsLaunchTests.swift in Sources */,
				691625CA2769CC0D00C736C7 /* MyAppUITests.swift in Sources */,
			);
			runOnlyForDeploymentPostprocessing = 0;
		};
/* End PBXSourcesBuildPhase section */

/* Begin PBXTargetDependency section */
		691625BD2769CC0D00C736C7 /* PBXTargetDependency */ = {
			isa = PBXTargetDependency;
			target = 691625A12769CC0C00C736C7 /* MyApp */;
			targetProxy = 691625BC2769CC0D00C736C7 /* PBXContainerItemProxy */;
		};
		691625C72769CC0D00C736C7 /* PBXTargetDependency */ = {
			isa = PBXTargetDependency;
			target = 691625A12769CC0C00C736C7 /* MyApp */;
			targetProxy = 691625C62769CC0D00C736C7 /* PBXContainerItemProxy */;
		};
/* End PBXTargetDependency section */

/* Begin PBXVariantGroup section */
		691625B32769CC0D00C736C7 /* LaunchScreen.storyboard */ = {
			isa = PBXVariantGroup;
			children = (
				691625B42769CC0D00C736C7 /* Base */,
			);
			name = LaunchScreen.storyboard;
			sourceTree = "<group>";
		};
/* End PBXVariantGroup section */

/* Begin XCBuildConfiguration section */
		691625CD2769CC0D00C736C7 /* Debug */ = {
			isa = XCBuildConfiguration;
			buildSettings = {
				ALWAYS_SEARCH_USER_PATHS = NO;
				CLANG_ANALYZER_NONNULL = YES;
				CLANG_ANALYZER_NUMBER_OBJECT_CONVERSION = YES_AGGRESSIVE;
				CLANG_CXX_LANGUAGE_STANDARD = "gnu++17";
				CLANG_CXX_LIBRARY = "libc++";
				CLANG_ENABLE_MODULES = YES;
				CLANG_ENABLE_OBJC_ARC = YES;
				CLANG_ENABLE_OBJC_WEAK = YES;
				CLANG_WARN_BLOCK_CAPTURE_AUTORELEASING = YES;
				CLANG_WARN_BOOL_CONVERSION = YES;
				CLANG_WARN_COMMA = YES;
				CLANG_WARN_CONSTANT_CONVERSION = YES;
				CLANG_WARN_DEPRECATED_OBJC_IMPLEMENTATIONS = YES;
				CLANG_WARN_DIRECT_OBJC_ISA_USAGE = YES_ERROR;
				CLANG_WARN_DOCUMENTATION_COMMENTS = YES;
				CLANG_WARN_EMPTY_BODY = YES;
				CLANG_WARN_ENUM_CONVERSION = YES;
				CLANG_WARN_INFINITE_RECURSION = YES;
				CLANG_WARN_INT_CONVERSION = YES;
				CLANG_WARN_NON_LITERAL_NULL_CONVERSION = YES;
				CLANG_WARN_OBJC_IMPLICIT_RETAIN_SELF = YES;
				CLANG_WARN_OBJC_LITERAL_CONVERSION = YES;
				CLANG_WARN_OBJC_ROOT_CLASS = YES_ERROR;
				CLANG_WARN_QUOTED_INCLUDE_IN_FRAMEWORK_HEADER = YES;
				CLANG_WARN_RANGE_LOOP_ANALYSIS = YES;
				CLANG_WARN_STRICT_PROTOTYPES = YES;
				CLANG_WARN_SUSPICIOUS_MOVE = YES;
				CLANG_WARN_UNGUARDED_AVAILABILITY = YES_AGGRESSIVE;
				CLANG_WARN_UNREACHABLE_CODE = YES;
				CLANG_WARN__DUPLICATE_METHOD_MATCH = YES;
				COPY_PHASE_STRIP = NO;
				DEBUG_INFORMATION_FORMAT = dwarf;
				ENABLE_STRICT_OBJC_MSGSEND = YES;
				ENABLE_TESTABILITY = YES;
				GCC_C_LANGUAGE_STANDARD = gnu11;
				GCC_DYNAMIC_NO_PIC = NO;
				GCC_NO_COMMON_BLOCKS = YES;
				GCC_OPTIMIZATION_LEVEL = 0;
				GCC_PREPROCESSOR_DEFINITIONS = (
					"DEBUG=1",
					"$(inherited)",
				);
				GCC_WARN_64_TO_32_BIT_CONVERSION = YES;
				GCC_WARN_ABOUT_RETURN_TYPE = YES_ERROR;
				GCC_WARN_UNDECLARED_SELECTOR = YES;
				GCC_WARN_UNINITIALIZED_AUTOS = YES_AGGRESSIVE;
				GCC_WARN_UNUSED_FUNCTION = YES;
				GCC_WARN_UNUSED_VARIABLE = YES;
				IPHONEOS_DEPLOYMENT_TARGET = 15.2;
				MTL_ENABLE_DEBUG_INFO = INCLUDE_SOURCE;
				MTL_FAST_MATH = YES;
				ONLY_ACTIVE_ARCH = YES;
				SDKROOT = iphoneos;
				SWIFT_ACTIVE_COMPILATION_CONDITIONS = DEBUG;
				SWIFT_OPTIMIZATION_LEVEL = "-Onone";
			};
			name = Debug;
		};
		691625CE2769CC0D00C736C7 /* Release */ = {
			isa = XCBuildConfiguration;
			buildSettings = {
				ALWAYS_SEARCH_USER_PATHS = NO;
				CLANG_ANALYZER_NONNULL = YES;
				CLANG_ANALYZER_NUMBER_OBJECT_CONVERSION = YES_AGGRESSIVE;
				CLANG_CXX_LANGUAGE_STANDARD = "gnu++17";
				CLANG_CXX_LIBRARY = "libc++";
				CLANG_ENABLE_MODULES = YES;
				CLANG_ENABLE_OBJC_ARC = YES;
				CLANG_ENABLE_OBJC_WEAK = YES;
				CLANG_WARN_BLOCK_CAPTURE_AUTORELEASING = YES;
				CLANG_WARN_BOOL_CONVERSION = YES;
				CLANG_WARN_COMMA = YES;
				CLANG_WARN_CONSTANT_CONVERSION = YES;
				CLANG_WARN_DEPRECATED_OBJC_IMPLEMENTATIONS = YES;
				CLANG_WARN_DIRECT_OBJC_ISA_USAGE = YES_ERROR;
				CLANG_WARN_DOCUMENTATION_COMMENTS = YES;
				CLANG_WARN_EMPTY_BODY = YES;
				CLANG_WARN_ENUM_CONVERSION = YES;
				CLANG_WARN_INFINITE_RECURSION = YES;
				CLANG_WARN_INT_CONVERSION = YES;
				CLANG_WARN_NON_LITERAL_NULL_CONVERSION = YES;
				CLANG_WARN_OBJC_IMPLICIT_RETAIN_SELF = YES;
				CLANG_WARN_OBJC_LITERAL_CONVERSION = YES;
				CLANG_WARN_OBJC_ROOT_CLASS = YES_ERROR;
				CLANG_WARN_QUOTED_INCLUDE_IN_FRAMEWORK_HEADER = YES;
				CLANG_WARN_RANGE_LOOP_ANALYSIS = YES;
				CLANG_WARN_STRICT_PROTOTYPES = YES;
				CLANG_WARN_SUSPICIOUS_MOVE = YES;
				CLANG_WARN_UNGUARDED_AVAILABILITY = YES_AGGRESSIVE;
				CLANG_WARN_UNREACHABLE_CODE = YES;
				CLANG_WARN__DUPLICATE_METHOD_MATCH = YES;
				COPY_PHASE_STRIP = NO;
				DEBUG_INFORMATION_FORMAT = "dwarf-with-dsym";
				ENABLE_NS_ASSERTIONS = NO;
				ENABLE_STRICT_OBJC_MSGSEND = YES;
				GCC_C_LANGUAGE_STANDARD = gnu11;
				GCC_NO_COMMON_BLOCKS = YES;
				GCC_WARN_64_TO_32_BIT_CONVERSION = YES;
				GCC_WARN_ABOUT_RETURN_TYPE = YES_ERROR;
				GCC_WARN_UNDECLARED_SELECTOR = YES;
				GCC_WARN_UNINITIALIZED_AUTOS = YES_AGGRESSIVE;
				GCC_WARN_UNUSED_FUNCTION = YES;
				GCC_WARN_UNUSED_VARIABLE = YES;
				IPHONEOS_DEPLOYMENT_TARGET = 15.2;
				MTL_ENABLE_DEBUG_INFO = NO;
				MTL_FAST_MATH = YES;
				SDKROOT = iphoneos;
				SWIFT_COMPILATION_MODE = wholemodule;
				SWIFT_OPTIMIZATION_LEVEL = "-O";
				VALIDATE_PRODUCT = YES;
			};
			name = Release;
		};
		691625D02769CC0D00C736C7 /* Debug */ = {
			isa = XCBuildConfiguration;
			buildSettings = {
				ASSETCATALOG_COMPILER_APPICON_NAME = AppIcon;
				ASSETCATALOG_COMPILER_GLOBAL_ACCENT_COLOR_NAME = AccentColor;
				CODE_SIGN_STYLE = Automatic;
				CURRENT_PROJECT_VERSION = 1;
				DEVELOPMENT_TEAM = N3G8R7BNR2;
				GENERATE_INFOPLIST_FILE = YES;
				INFOPLIST_FILE = MyApp/Info.plist;
				INFOPLIST_KEY_UIApplicationSupportsIndirectInputEvents = YES;
				INFOPLIST_KEY_UILaunchStoryboardName = LaunchScreen;
				INFOPLIST_KEY_UISupportedInterfaceOrientations_iPad = "UIInterfaceOrientationPortrait UIInterfaceOrientationPortraitUpsideDown UIInterfaceOrientationLandscapeLeft UIInterfaceOrientationLandscapeRight";
				INFOPLIST_KEY_UISupportedInterfaceOrientations_iPhone = "UIInterfaceOrientationPortrait UIInterfaceOrientationLandscapeLeft UIInterfaceOrientationLandscapeRight";
				LD_RUNPATH_SEARCH_PATHS = (
					"$(inherited)",
					"@executable_path/Frameworks",
				);
				MARKETING_VERSION = 1.0;
				PRODUCT_BUNDLE_IDENTIFIER = home.MyApp;
				PRODUCT_NAME = "$(TARGET_NAME)";
				SWIFT_EMIT_LOC_STRINGS = YES;
				SWIFT_VERSION = 5.0;
				TARGETED_DEVICE_FAMILY = 1;
			};
			name = Debug;
		};
		691625D12769CC0D00C736C7 /* Release */ = {
			isa = XCBuildConfiguration;
			buildSettings = {
				ASSETCATALOG_COMPILER_APPICON_NAME = AppIcon;
				ASSETCATALOG_COMPILER_GLOBAL_ACCENT_COLOR_NAME = AccentColor;
				CODE_SIGN_STYLE = Automatic;
				CURRENT_PROJECT_VERSION = 1;
				DEVELOPMENT_TEAM = N3G8R7BNR2;
				GENERATE_INFOPLIST_FILE = YES;
				INFOPLIST_FILE = MyApp/Info.plist;
				INFOPLIST_KEY_UIApplicationSupportsIndirectInputEvents = YES;
				INFOPLIST_KEY_UILaunchStoryboardName = LaunchScreen;
				INFOPLIST_KEY_UISupportedInterfaceOrientations_iPad = "UIInterfaceOrientationPortrait UIInterfaceOrientationPortraitUpsideDown UIInterfaceOrientationLandscapeLeft UIInterfaceOrientationLandscapeRight";
				INFOPLIST_KEY_UISupportedInterfaceOrientations_iPhone = "UIInterfaceOrientationPortrait UIInterfaceOrientationLandscapeLeft UIInterfaceOrientationLandscapeRight";
				LD_RUNPATH_SEARCH_PATHS = (
					"$(inherited)",
					"@executable_path/Frameworks",
				);
				MARKETING_VERSION = 1.0;
				PRODUCT_BUNDLE_IDENTIFIER = home.MyApp;
				PRODUCT_NAME = "$(TARGET_NAME)";
				SWIFT_EMIT_LOC_STRINGS = YES;
				SWIFT_VERSION = 5.0;
				TARGETED_DEVICE_FAMILY = 1;
			};
			name = Release;
		};
		691625D32769CC0D00C736C7 /* Debug */ = {
			isa = XCBuildConfiguration;
			buildSettings = {
				ALWAYS_EMBED_SWIFT_STANDARD_LIBRARIES = YES;
				BUNDLE_LOADER = "$(TEST_HOST)";
				CODE_SIGN_STYLE = Automatic;
				CURRENT_PROJECT_VERSION = 1;
				DEVELOPMENT_TEAM = N3G8R7BNR2;
				GENERATE_INFOPLIST_FILE = YES;
				IPHONEOS_DEPLOYMENT_TARGET = 15.2;
				MARKETING_VERSION = 1.0;
				PRODUCT_BUNDLE_IDENTIFIER = home.MyAppTests;
				PRODUCT_NAME = "$(TARGET_NAME)";
				SWIFT_EMIT_LOC_STRINGS = NO;
				SWIFT_VERSION = 5.0;
				TARGETED_DEVICE_FAMILY = "1,2";
				TEST_HOST = "$(BUILT_PRODUCTS_DIR)/MyApp.app/MyApp";
			};
			name = Debug;
		};
		691625D42769CC0D00C736C7 /* Release */ = {
			isa = XCBuildConfiguration;
			buildSettings = {
				ALWAYS_EMBED_SWIFT_STANDARD_LIBRARIES = YES;
				BUNDLE_LOADER = "$(TEST_HOST)";
				CODE_SIGN_STYLE = Automatic;
				CURRENT_PROJECT_VERSION = 1;
				DEVELOPMENT_TEAM = N3G8R7BNR2;
				GENERATE_INFOPLIST_FILE = YES;
				IPHONEOS_DEPLOYMENT_TARGET = 15.2;
				MARKETING_VERSION = 1.0;
				PRODUCT_BUNDLE_IDENTIFIER = home.MyAppTests;
				PRODUCT_NAME = "$(TARGET_NAME)";
				SWIFT_EMIT_LOC_STRINGS = NO;
				SWIFT_VERSION = 5.0;
				TARGETED_DEVICE_FAMILY = "1,2";
				TEST_HOST = "$(BUILT_PRODUCTS_DIR)/MyApp.app/MyApp";
			};
			name = Release;
		};
		691625D62769CC0D00C736C7 /* Debug */ = {
			isa = XCBuildConfiguration;
			buildSettings = {
				ALWAYS_EMBED_SWIFT_STANDARD_LIBRARIES = YES;
				CODE_SIGN_STYLE = Automatic;
				CURRENT_PROJECT_VERSION = 1;
				DEVELOPMENT_TEAM = N3G8R7BNR2;
				GENERATE_INFOPLIST_FILE = YES;
				MARKETING_VERSION = 1.0;
				PRODUCT_BUNDLE_IDENTIFIER = home.MyAppUITests;
				PRODUCT_NAME = "$(TARGET_NAME)";
				SWIFT_EMIT_LOC_STRINGS = NO;
				SWIFT_VERSION = 5.0;
				TARGETED_DEVICE_FAMILY = "1,2";
				TEST_TARGET_NAME = MyApp;
			};
			name = Debug;
		};
		691625D72769CC0D00C736C7 /* Release */ = {
			isa = XCBuildConfiguration;
			buildSettings = {
				ALWAYS_EMBED_SWIFT_STANDARD_LIBRARIES = YES;
				CODE_SIGN_STYLE = Automatic;
				CURRENT_PROJECT_VERSION = 1;
				DEVELOPMENT_TEAM = N3G8R7BNR2;
				GENERATE_INFOPLIST_FILE = YES;
				MARKETING_VERSION = 1.0;
				PRODUCT_BUNDLE_IDENTIFIER = home.MyAppUITests;
				PRODUCT_NAME = "$(TARGET_NAME)";
				SWIFT_EMIT_LOC_STRINGS = NO;
				SWIFT_VERSION = 5.0;
				TARGETED_DEVICE_FAMILY = "1,2";
				TEST_TARGET_NAME = MyApp;
			};
			name = Release;
		};
/* End XCBuildConfiguration section */

/* Begin XCConfigurationList section */
		6916259D2769CC0C00C736C7 /* Build configuration list for PBXProject "MyApp" */ = {
			isa = XCConfigurationList;
			buildConfigurations = (
				691625CD2769CC0D00C736C7 /* Debug */,
				691625CE2769CC0D00C736C7 /* Release */,
			);
			defaultConfigurationIsVisible = 0;
			defaultConfigurationName = Release;
		};
		691625CF2769CC0D00C736C7 /* Build configuration list for PBXNativeTarget "MyApp" */ = {
			isa = XCConfigurationList;
			buildConfigurations = (
				691625D02769CC0D00C736C7 /* Debug */,
				691625D12769CC0D00C736C7 /* Release */,
			);
			defaultConfigurationIsVisible = 0;
			defaultConfigurationName = Release;
		};
		691625D22769CC0D00C736C7 /* Build configuration list for PBXNativeTarget "MyAppTests" */ = {
			isa = XCConfigurationList;
			buildConfigurations = (
				691625D32769CC0D00C736C7 /* Debug */,
				691625D42769CC0D00C736C7 /* Release */,
			);
			defaultConfigurationIsVisible = 0;
			defaultConfigurationName = Release;
		};
		691625D52769CC0D00C736C7 /* Build configuration list for PBXNativeTarget "MyAppUITests" */ = {
			isa = XCConfigurationList;
			buildConfigurations = (
				691625D62769CC0D00C736C7 /* Debug */,
				691625D72769CC0D00C736C7 /* Release */,
			);
			defaultConfigurationIsVisible = 0;
			defaultConfigurationName = Release;
		};
/* End XCConfigurationList section */

/* Begin XCVersionGroup section */
		691625AE2769CC0C00C736C7 /* MyApp.xcdatamodeld */ = {
			isa = XCVersionGroup;
			children = (
				691625AF2769CC0C00C736C7 /* MyApp.xcdatamodel */,
			);
			currentVersion = 691625AF2769CC0C00C736C7 /* MyApp.xcdatamodel */;
			path = MyApp.xcdatamodeld;
			sourceTree = "<group>";
			versionGroupType = wrapper.xcdatamodel;
		};
/* End XCVersionGroup section */
	};
	rootObject = 6916259A2769CC0C00C736C7 /* Project object */;
}
